// !$*UTF8*$!
{
	archiveVersion = 1;
	classes = {
	};
	objectVersion = 46;
	objects = {

/* Begin PBXBuildFile section */
		657DEA371E71B393008173B2 /* AppDelegate.swift in Sources */ = {isa = PBXBuildFile; fileRef = 657DEA361E71B393008173B2 /* AppDelegate.swift */; };
		657DEA391E71B393008173B2 /* ViewController.swift in Sources */ = {isa = PBXBuildFile; fileRef = 657DEA381E71B393008173B2 /* ViewController.swift */; };
		657DEA3C1E71B393008173B2 /* Main.storyboard in Resources */ = {isa = PBXBuildFile; fileRef = 657DEA3A1E71B393008173B2 /* Main.storyboard */; };
		657DEA3E1E71B393008173B2 /* Assets.xcassets in Resources */ = {isa = PBXBuildFile; fileRef = 657DEA3D1E71B393008173B2 /* Assets.xcassets */; };
		657DEA411E71B393008173B2 /* LaunchScreen.storyboard in Resources */ = {isa = PBXBuildFile; fileRef = 657DEA3F1E71B393008173B2 /* LaunchScreen.storyboard */; };
		65A64A741E8CE926001DD5ED /* startPageViewController.swift in Sources */ = {isa = PBXBuildFile; fileRef = 65A64A731E8CE926001DD5ED /* startPageViewController.swift */; };
		65DE2C8C1E8B6C3C005999D9 /* ChooseViewController.swift in Sources */ = {isa = PBXBuildFile; fileRef = 65DE2C8B1E8B6C3C005999D9 /* ChooseViewController.swift */; };
		65DEEE111E8B8B920014C6C9 /* PaintingsTableViewController.swift in Sources */ = {isa = PBXBuildFile; fileRef = 65DEEE101E8B8B920014C6C9 /* PaintingsTableViewController.swift */; };
		65DEEE131E8B99B20014C6C9 /* transformedTableViewController.swift in Sources */ = {isa = PBXBuildFile; fileRef = 65DEEE121E8B99B20014C6C9 /* transformedTableViewController.swift */; };
		FD867E55FF544F6EF0F535EC /* Pods_DeepArt.framework in Frameworks */ = {isa = PBXBuildFile; fileRef = 66E948E0FDA1790D37E3D358 /* Pods_DeepArt.framework */; };
/* End PBXBuildFile section */

/* Begin PBXFileReference section */
		3C7F0BF9959A23D29BA5742C /* Pods-DeepArt.release.xcconfig */ = {isa = PBXFileReference; includeInIndex = 1; lastKnownFileType = text.xcconfig; name = "Pods-DeepArt.release.xcconfig"; path = "Pods/Target Support Files/Pods-DeepArt/Pods-DeepArt.release.xcconfig"; sourceTree = "<group>"; };
		657DEA331E71B392008173B2 /* DeepArt.app */ = {isa = PBXFileReference; explicitFileType = wrapper.application; includeInIndex = 0; path = DeepArt.app; sourceTree = BUILT_PRODUCTS_DIR; };
		657DEA361E71B393008173B2 /* AppDelegate.swift */ = {isa = PBXFileReference; lastKnownFileType = sourcecode.swift; path = AppDelegate.swift; sourceTree = "<group>"; };
		657DEA381E71B393008173B2 /* ViewController.swift */ = {isa = PBXFileReference; lastKnownFileType = sourcecode.swift; path = ViewController.swift; sourceTree = "<group>"; };
		657DEA3B1E71B393008173B2 /* Base */ = {isa = PBXFileReference; lastKnownFileType = file.storyboard; name = Base; path = Base.lproj/Main.storyboard; sourceTree = "<group>"; };
		657DEA3D1E71B393008173B2 /* Assets.xcassets */ = {isa = PBXFileReference; lastKnownFileType = folder.assetcatalog; path = Assets.xcassets; sourceTree = "<group>"; };
		657DEA401E71B393008173B2 /* Base */ = {isa = PBXFileReference; lastKnownFileType = file.storyboard; name = Base; path = Base.lproj/LaunchScreen.storyboard; sourceTree = "<group>"; };
		657DEA421E71B393008173B2 /* Info.plist */ = {isa = PBXFileReference; lastKnownFileType = text.plist.xml; path = Info.plist; sourceTree = "<group>"; };
		65A64A731E8CE926001DD5ED /* startPageViewController.swift */ = {isa = PBXFileReference; fileEncoding = 4; lastKnownFileType = sourcecode.swift; path = startPageViewController.swift; sourceTree = "<group>"; };
		65DE2C8B1E8B6C3C005999D9 /* ChooseViewController.swift */ = {isa = PBXFileReference; fileEncoding = 4; lastKnownFileType = sourcecode.swift; path = ChooseViewController.swift; sourceTree = "<group>"; };
		65DEEE101E8B8B920014C6C9 /* PaintingsTableViewController.swift */ = {isa = PBXFileReference; fileEncoding = 4; lastKnownFileType = sourcecode.swift; path = PaintingsTableViewController.swift; sourceTree = "<group>"; };
		65DEEE121E8B99B20014C6C9 /* transformedTableViewController.swift */ = {isa = PBXFileReference; fileEncoding = 4; lastKnownFileType = sourcecode.swift; path = transformedTableViewController.swift; sourceTree = "<group>"; };
		66E948E0FDA1790D37E3D358 /* Pods_DeepArt.framework */ = {isa = PBXFileReference; explicitFileType = wrapper.framework; includeInIndex = 0; path = Pods_DeepArt.framework; sourceTree = BUILT_PRODUCTS_DIR; };
		FA74DCF59234C02C6750BCCE /* Pods-DeepArt.debug.xcconfig */ = {isa = PBXFileReference; includeInIndex = 1; lastKnownFileType = text.xcconfig; name = "Pods-DeepArt.debug.xcconfig"; path = "Pods/Target Support Files/Pods-DeepArt/Pods-DeepArt.debug.xcconfig"; sourceTree = "<group>"; };
/* End PBXFileReference section */

/* Begin PBXFrameworksBuildPhase section */
		657DEA301E71B392008173B2 /* Frameworks */ = {
			isa = PBXFrameworksBuildPhase;
			buildActionMask = 2147483647;
			files = (
				FD867E55FF544F6EF0F535EC /* Pods_DeepArt.framework in Frameworks */,
			);
			runOnlyForDeploymentPostprocessing = 0;
		};
/* End PBXFrameworksBuildPhase section */

/* Begin PBXGroup section */
		657DEA2A1E71B392008173B2 = {
			isa = PBXGroup;
			children = (
				657DEA351E71B392008173B2 /* DeepArt */,
				657DEA341E71B392008173B2 /* Products */,
				6658D61CBA7BEC4772A265F2 /* Pods */,
				6A583B4F0EDAA085B3A8B768 /* Frameworks */,
			);
			sourceTree = "<group>";
		};
		657DEA341E71B392008173B2 /* Products */ = {
			isa = PBXGroup;
			children = (
				657DEA331E71B392008173B2 /* DeepArt.app */,
			);
			name = Products;
			sourceTree = "<group>";
		};
		657DEA351E71B392008173B2 /* DeepArt */ = {
			isa = PBXGroup;
			children = (
				657DEA361E71B393008173B2 /* AppDelegate.swift */,
				657DEA381E71B393008173B2 /* ViewController.swift */,
				657DEA3A1E71B393008173B2 /* Main.storyboard */,
				65A64A731E8CE926001DD5ED /* startPageViewController.swift */,
				657DEA3D1E71B393008173B2 /* Assets.xcassets */,
				657DEA3F1E71B393008173B2 /* LaunchScreen.storyboard */,
				657DEA421E71B393008173B2 /* Info.plist */,
				65DE2C8B1E8B6C3C005999D9 /* ChooseViewController.swift */,
				65DEEE101E8B8B920014C6C9 /* PaintingsTableViewController.swift */,
				65DEEE121E8B99B20014C6C9 /* transformedTableViewController.swift */,
			);
			path = DeepArt;
			sourceTree = "<group>";
		};
		6658D61CBA7BEC4772A265F2 /* Pods */ = {
			isa = PBXGroup;
			children = (
				FA74DCF59234C02C6750BCCE /* Pods-DeepArt.debug.xcconfig */,
				3C7F0BF9959A23D29BA5742C /* Pods-DeepArt.release.xcconfig */,
			);
			name = Pods;
			sourceTree = "<group>";
		};
		6A583B4F0EDAA085B3A8B768 /* Frameworks */ = {
			isa = PBXGroup;
			children = (
				66E948E0FDA1790D37E3D358 /* Pods_DeepArt.framework */,
			);
			name = Frameworks;
			sourceTree = "<group>";
		};
/* End PBXGroup section */

/* Begin PBXNativeTarget section */
		657DEA321E71B392008173B2 /* DeepArt */ = {
			isa = PBXNativeTarget;
			buildConfigurationList = 657DEA451E71B393008173B2 /* Build configuration list for PBXNativeTarget "DeepArt" */;
			buildPhases = (
				05C9E4949155DE1B6B880D64 /* [CP] Check Pods Manifest.lock */,
				657DEA2F1E71B392008173B2 /* Sources */,
				657DEA301E71B392008173B2 /* Frameworks */,
				657DEA311E71B392008173B2 /* Resources */,
				9232CD41871DFCC1C833921E /* [CP] Embed Pods Frameworks */,
				9638AC270BC092E49FD1503D /* [CP] Copy Pods Resources */,
			);
			buildRules = (
			);
			dependencies = (
			);
			name = DeepArt;
			productName = DeepArt;
			productReference = 657DEA331E71B392008173B2 /* DeepArt.app */;
			productType = "com.apple.product-type.application";
		};
/* End PBXNativeTarget section */

/* Begin PBXProject section */
		657DEA2B1E71B392008173B2 /* Project object */ = {
			isa = PBXProject;
			attributes = {
				LastSwiftUpdateCheck = 0820;
				LastUpgradeCheck = 0820;
				ORGANIZATIONNAME = "蘇冠禎";
				TargetAttributes = {
					657DEA321E71B392008173B2 = {
						CreatedOnToolsVersion = 8.2.1;
						ProvisioningStyle = Automatic;
					};
				};
			};
			buildConfigurationList = 657DEA2E1E71B392008173B2 /* Build configuration list for PBXProject "DeepArt" */;
			compatibilityVersion = "Xcode 3.2";
			developmentRegion = English;
			hasScannedForEncodings = 0;
			knownRegions = (
				en,
				Base,
			);
			mainGroup = 657DEA2A1E71B392008173B2;
			productRefGroup = 657DEA341E71B392008173B2 /* Products */;
			projectDirPath = "";
			projectRoot = "";
			targets = (
				657DEA321E71B392008173B2 /* DeepArt */,
			);
		};
/* End PBXProject section */

/* Begin PBXResourcesBuildPhase section */
		657DEA311E71B392008173B2 /* Resources */ = {
			isa = PBXResourcesBuildPhase;
			buildActionMask = 2147483647;
			files = (
				657DEA411E71B393008173B2 /* LaunchScreen.storyboard in Resources */,
				657DEA3E1E71B393008173B2 /* Assets.xcassets in Resources */,
				657DEA3C1E71B393008173B2 /* Main.storyboard in Resources */,
			);
			runOnlyForDeploymentPostprocessing = 0;
		};
/* End PBXResourcesBuildPhase section */

/* Begin PBXShellScriptBuildPhase section */
		05C9E4949155DE1B6B880D64 /* [CP] Check Pods Manifest.lock */ = {
			isa = PBXShellScriptBuildPhase;
			buildActionMask = 2147483647;
			files = (
			);
			inputPaths = (
			);
			name = "[CP] Check Pods Manifest.lock";
			outputPaths = (
			);
			runOnlyForDeploymentPostprocessing = 0;
			shellPath = /bin/sh;
			shellScript = "diff \"${PODS_ROOT}/../Podfile.lock\" \"${PODS_ROOT}/Manifest.lock\" > /dev/null\nif [ $? != 0 ] ; then\n    # print error to STDERR\n    echo \"error: The sandbox is not in sync with the Podfile.lock. Run 'pod install' or update your CocoaPods installation.\" >&2\n    exit 1\nfi\n";
			showEnvVarsInLog = 0;
		};
		9232CD41871DFCC1C833921E /* [CP] Embed Pods Frameworks */ = {
			isa = PBXShellScriptBuildPhase;
			buildActionMask = 2147483647;
			files = (
			);
			inputPaths = (
			);
			name = "[CP] Embed Pods Frameworks";
			outputPaths = (
			);
			runOnlyForDeploymentPostprocessing = 0;
			shellPath = /bin/sh;
			shellScript = "\"${SRCROOT}/Pods/Target Support Files/Pods-DeepArt/Pods-DeepArt-frameworks.sh\"\n";
			showEnvVarsInLog = 0;
		};
		9638AC270BC092E49FD1503D /* [CP] Copy Pods Resources */ = {
			isa = PBXShellScriptBuildPhase;
			buildActionMask = 2147483647;
			files = (
			);
			inputPaths = (
			);
			name = "[CP] Copy Pods Resources";
			outputPaths = (
			);
			runOnlyForDeploymentPostprocessing = 0;
			shellPath = /bin/sh;
			shellScript = "\"${SRCROOT}/Pods/Target Support Files/Pods-DeepArt/Pods-DeepArt-resources.sh\"\n";
			showEnvVarsInLog = 0;
		};
/* End PBXShellScriptBuildPhase section */

/* Begin PBXSourcesBuildPhase section */
		657DEA2F1E71B392008173B2 /* Sources */ = {
			isa = PBXSourcesBuildPhase;
			buildActionMask = 2147483647;
			files = (
				657DEA391E71B393008173B2 /* ViewController.swift in Sources */,
				65DEEE111E8B8B920014C6C9 /* PaintingsTableViewController.swift in Sources */,
				657DEA371E71B393008173B2 /* AppDelegate.swift in Sources */,
				65DE2C8C1E8B6C3C005999D9 /* ChooseViewController.swift in Sources */,
				65A64A741E8CE926001DD5ED /* startPageViewController.swift in Sources */,
				65DEEE131E8B99B20014C6C9 /* transformedTableViewController.swift in Sources */,
			);
			runOnlyForDeploymentPostprocessing = 0;
		};
/* End PBXSourcesBuildPhase section */

/* Begin PBXVariantGroup section */
		657DEA3A1E71B393008173B2 /* Main.storyboard */ = {
			isa = PBXVariantGroup;
			children = (
				657DEA3B1E71B393008173B2 /* Base */,
			);
			name = Main.storyboard;
			sourceTree = "<group>";
		};
		657DEA3F1E71B393008173B2 /* LaunchScreen.storyboard */ = {
			isa = PBXVariantGroup;
			children = (
				657DEA401E71B393008173B2 /* Base */,
			);
			name = LaunchScreen.storyboard;
			sourceTree = "<group>";
		};
/* End PBXVariantGroup section */

/* Begin XCBuildConfiguration section */
		657DEA431E71B393008173B2 /* Debug */ = {
			isa = XCBuildConfiguration;
			buildSettings = {
				ALWAYS_SEARCH_USER_PATHS = NO;
				CLANG_ANALYZER_NONNULL = YES;
				CLANG_CXX_LANGUAGE_STANDARD = "gnu++0x";
				CLANG_CXX_LIBRARY = "libc++";
				CLANG_ENABLE_MODULES = YES;
				CLANG_ENABLE_OBJC_ARC = YES;
				CLANG_WARN_BOOL_CONVERSION = YES;
				CLANG_WARN_CONSTANT_CONVERSION = YES;
				CLANG_WARN_DIRECT_OBJC_ISA_USAGE = YES_ERROR;
				CLANG_WARN_DOCUMENTATION_COMMENTS = YES;
				CLANG_WARN_EMPTY_BODY = YES;
				CLANG_WARN_ENUM_CONVERSION = YES;
				CLANG_WARN_INFINITE_RECURSION = YES;
				CLANG_WARN_INT_CONVERSION = YES;
				CLANG_WARN_OBJC_ROOT_CLASS = YES_ERROR;
				CLANG_WARN_SUSPICIOUS_MOVE = YES;
				CLANG_WARN_UNREACHABLE_CODE = YES;
				CLANG_WARN__DUPLICATE_METHOD_MATCH = YES;
				"CODE_SIGN_IDENTITY[sdk=iphoneos*]" = "iPhone Developer";
				COPY_PHASE_STRIP = NO;
				DEBUG_INFORMATION_FORMAT = dwarf;
				ENABLE_STRICT_OBJC_MSGSEND = YES;
				ENABLE_TESTABILITY = YES;
				GCC_C_LANGUAGE_STANDARD = gnu99;
				GCC_DYNAMIC_NO_PIC = NO;
				GCC_NO_COMMON_BLOCKS = YES;
				GCC_OPTIMIZATION_LEVEL = 0;
				GCC_PREPROCESSOR_DEFINITIONS = (
					"DEBUG=1",
					"$(inherited)",
				);
				GCC_WARN_64_TO_32_BIT_CONVERSION = YES;
				GCC_WARN_ABOUT_RETURN_TYPE = YES_ERROR;
				GCC_WARN_UNDECLARED_SELECTOR = YES;
				GCC_WARN_UNINITIALIZED_AUTOS = YES_AGGRESSIVE;
				GCC_WARN_UNUSED_FUNCTION = YES;
				GCC_WARN_UNUSED_VARIABLE = YES;
				IPHONEOS_DEPLOYMENT_TARGET = 10.2;
				MTL_ENABLE_DEBUG_INFO = YES;
				ONLY_ACTIVE_ARCH = YES;
				SDKROOT = iphoneos;
				SWIFT_ACTIVE_COMPILATION_CONDITIONS = DEBUG;
				SWIFT_OPTIMIZATION_LEVEL = "-Onone";
			};
			name = Debug;
		};
		657DEA441E71B393008173B2 /* Release */ = {
			isa = XCBuildConfiguration;
			buildSettings = {
				ALWAYS_SEARCH_USER_PATHS = NO;
				CLANG_ANALYZER_NONNULL = YES;
				CLANG_CXX_LANGUAGE_STANDARD = "gnu++0x";
				CLANG_CXX_LIBRARY = "libc++";
				CLANG_ENABLE_MODULES = YES;
				CLANG_ENABLE_OBJC_ARC = YES;
				CLANG_WARN_BOOL_CONVERSION = YES;
				CLANG_WARN_CONSTANT_CONVERSION = YES;
				CLANG_WARN_DIRECT_OBJC_ISA_USAGE = YES_ERROR;
				CLANG_WARN_DOCUMENTATION_COMMENTS = YES;
				CLANG_WARN_EMPTY_BODY = YES;
				CLANG_WARN_ENUM_CONVERSION = YES;
				CLANG_WARN_INFINITE_RECURSION = YES;
				CLANG_WARN_INT_CONVERSION = YES;
				CLANG_WARN_OBJC_ROOT_CLASS = YES_ERROR;
				CLANG_WARN_SUSPICIOUS_MOVE = YES;
				CLANG_WARN_UNREACHABLE_CODE = YES;
				CLANG_WARN__DUPLICATE_METHOD_MATCH = YES;
				"CODE_SIGN_IDENTITY[sdk=iphoneos*]" = "iPhone Developer";
				COPY_PHASE_STRIP = NO;
				DEBUG_INFORMATION_FORMAT = "dwarf-with-dsym";
				ENABLE_NS_ASSERTIONS = NO;
				ENABLE_STRICT_OBJC_MSGSEND = YES;
				GCC_C_LANGUAGE_STANDARD = gnu99;
				GCC_NO_COMMON_BLOCKS = YES;
				GCC_WARN_64_TO_32_BIT_CONVERSION = YES;
				GCC_WARN_ABOUT_RETURN_TYPE = YES_ERROR;
				GCC_WARN_UNDECLARED_SELECTOR = YES;
				GCC_WARN_UNINITIALIZED_AUTOS = YES_AGGRESSIVE;
				GCC_WARN_UNUSED_FUNCTION = YES;
				GCC_WARN_UNUSED_VARIABLE = YES;
				IPHONEOS_DEPLOYMENT_TARGET = 10.2;
				MTL_ENABLE_DEBUG_INFO = NO;
				SDKROOT = iphoneos;
				SWIFT_OPTIMIZATION_LEVEL = "-Owholemodule";
				VALIDATE_PRODUCT = YES;
			};
			name = Release;
		};
		657DEA461E71B393008173B2 /* Debug */ = {
			isa = XCBuildConfiguration;
			baseConfigurationReference = FA74DCF59234C02C6750BCCE /* Pods-DeepArt.debug.xcconfig */;
			buildSettings = {
				ASSETCATALOG_COMPILER_APPICON_NAME = AppIcon;
				INFOPLIST_FILE = DeepArt/Info.plist;
				LD_RUNPATH_SEARCH_PATHS = "$(inherited) @executable_path/Frameworks";
				PRODUCT_BUNDLE_IDENTIFIER = com.guanjhensu.DeepArt;
				PRODUCT_NAME = "$(TARGET_NAME)";
				SWIFT_VERSION = 3.0;
			};
			name = Debug;
		};
		657DEA471E71B393008173B2 /* Release */ = {
			isa = XCBuildConfiguration;
			baseConfigurationReference = 3C7F0BF9959A23D29BA5742C /* Pods-DeepArt.release.xcconfig */;
			buildSettings = {
				ASSETCATALOG_COMPILER_APPICON_NAME = AppIcon;
				INFOPLIST_FILE = DeepArt/Info.plist;
				LD_RUNPATH_SEARCH_PATHS = "$(inherited) @executable_path/Frameworks";
				PRODUCT_BUNDLE_IDENTIFIER = com.guanjhensu.DeepArt;
				PRODUCT_NAME = "$(TARGET_NAME)";
				SWIFT_VERSION = 3.0;
			};
			name = Release;
		};
/* End XCBuildConfiguration section */

/* Begin XCConfigurationList section */
		657DEA2E1E71B392008173B2 /* Build configuration list for PBXProject "DeepArt" */ = {
			isa = XCConfigurationList;
			buildConfigurations = (
				657DEA431E71B393008173B2 /* Debug */,
				657DEA441E71B393008173B2 /* Release */,
			);
			defaultConfigurationIsVisible = 0;
			defaultConfigurationName = Release;
		};
		657DEA451E71B393008173B2 /* Build configuration list for PBXNativeTarget "DeepArt" */ = {
			isa = XCConfigurationList;
			buildConfigurations = (
				657DEA461E71B393008173B2 /* Debug */,
				657DEA471E71B393008173B2 /* Release */,
			);
			defaultConfigurationIsVisible = 0;
			defaultConfigurationName = Release;
		};
/* End XCConfigurationList section */
	};
	rootObject = 657DEA2B1E71B392008173B2 /* Project object */;
}
